
Microsoft Visual Studio Solution File, Format Version 12.00
# Visual Studio Version 16
VisualStudioVersion = 16.0.30907.101
MinimumVisualStudioVersion = 10.0.40219.1
Project("{FAE04EC0-301F-11D3-BF4B-00C04F79EFBC}") = "tableau et nouvelle matiere", "tableau et nouvelle matiere.csproj", "{C951A4DA-4AF3-4BE2-9C8C-4148D1DFC324}"
EndProject
Global
	GlobalSection(SolutionConfigurationPlatforms) = preSolution
		Debug|Any CPU = Debug|Any CPU
		Release|Any CPU = Release|Any CPU
	EndGlobalSection
	GlobalSection(ProjectConfigurationPlatforms) = postSolution
		{C951A4DA-4AF3-4BE2-9C8C-4148D1DFC324}.Debug|Any CPU.ActiveCfg = Debug|Any CPU
		{C951A4DA-4AF3-4BE2-9C8C-4148D1DFC324}.Debug|Any CPU.Build.0 = Debug|Any CPU
		{C951A4DA-4AF3-4BE2-9C8C-4148D1DFC324}.Release|Any CPU.ActiveCfg = Release|Any CPU
		{C951A4DA-4AF3-4BE2-9C8C-4148D1DFC324}.Release|Any CPU.Build.0 = Release|Any CPU
	EndGlobalSection
	GlobalSection(SolutionProperties) = preSolution
		HideSolutionNode = FALSE
	EndGlobalSection
	GlobalSection(ExtensibilityGlobals) = postSolution
		SolutionGuid = {894D2627-766F-47DD-8080-59F0CA6B6575}
	EndGlobalSection
EndGlobal
